
Microsoft Visual Studio Solution File, Format Version 12.00
# Visual Studio Version 17
VisualStudioVersion = 17.9.34728.123
MinimumVisualStudioVersion = 10.0.40219.1
Project("{FAE04EC0-301F-11D3-BF4B-00C04F79EFBC}") = "FirstWebApp", "FirstWebApp.csproj", "{CBF1438A-1555-429A-85A6-D9446296B048}"
EndProject
Global
	GlobalSection(SolutionConfigurationPlatforms) = preSolution
		Debug|Any CPU = Debug|Any CPU
		Release|Any CPU = Release|Any CPU
	EndGlobalSection
	GlobalSection(ProjectConfigurationPlatforms) = postSolution
		{CBF1438A-1555-429A-85A6-D9446296B048}.Debug|Any CPU.ActiveCfg = Debug|Any CPU
		{CBF1438A-1555-429A-85A6-D9446296B048}.Debug|Any CPU.Build.0 = Debug|Any CPU
		{CBF1438A-1555-429A-85A6-D9446296B048}.Release|Any CPU.ActiveCfg = Release|Any CPU
		{CBF1438A-1555-429A-85A6-D9446296B048}.Release|Any CPU.Build.0 = Release|Any CPU
	EndGlobalSection
	GlobalSection(SolutionProperties) = preSolution
		HideSolutionNode = FALSE
	EndGlobalSection
	GlobalSection(ExtensibilityGlobals) = postSolution
		SolutionGuid = {D5CE8083-9133-4866-89F6-FF41B6C3F80B}
	EndGlobalSection
EndGlobal
